
Microsoft Visual Studio Solution File, Format Version 12.00
# Visual Studio Version 17
VisualStudioVersion = 17.10.34607.79
MinimumVisualStudioVersion = 10.0.40219.1
Project("{9A19103F-16F7-4668-BE54-9A1E7A4F7556}") = "SchoolApp.IntegrationEventLogEF", "SchoolApp.IntegrationEventLogEF\SchoolApp.IntegrationEventLogEF.csproj", "{CB08316D-AFB7-484B-A162-A8730E412880}"
EndProject
Project("{9A19103F-16F7-4668-BE54-9A1E7A4F7556}") = "SchoolApp.EventBus", "SchoolApp.EventBus\SchoolApp.EventBus.csproj", "{642DDCB9-BAB2-47E4-B854-83F5E2CF73A1}"
EndProject
Project("{2150E333-8FDC-42A3-9474-1A3956D46DE8}") = "Admin", "Admin", "{22977152-198D-4566-BE1A-C0F8D32101CC}"
EndProject
Project("{2150E333-8FDC-42A3-9474-1A3956D46DE8}") = "Teacher", "Teacher", "{BAF6367C-722F-41B4-91E3-542A9E3C2406}"
EndProject
Project("{2150E333-8FDC-42A3-9474-1A3956D46DE8}") = "Student", "Student", "{A6AAFFE1-A794-4BF7-832F-1753CEC3EEE5}"
EndProject
Project("{9A19103F-16F7-4668-BE54-9A1E7A4F7556}") = "SchoolApp.EventBusRabbitMQ", "SchoolApp.EventBusRabbitMQ\SchoolApp.EventBusRabbitMQ.csproj", "{53BAB38D-5181-4557-80C3-26002100B093}"
EndProject
Project("{2150E333-8FDC-42A3-9474-1A3956D46DE8}") = "SchoolApp", "SchoolApp", "{DD746B51-6673-4079-9403-02664723B920}"
EndProject
Project("{9A19103F-16F7-4668-BE54-9A1E7A4F7556}") = "SchoolApp.Admin.Application", "SchoolApp.Admin.Application\SchoolApp.Admin.Application.csproj", "{5737F74E-E783-4B39-93E9-0D82784E0810}"
EndProject
Project("{9A19103F-16F7-4668-BE54-9A1E7A4F7556}") = "SchoolApp.Admin.Domain", "SchoolApp.Admin.Domain\SchoolApp.Admin.Domain.csproj", "{2D13DCD1-EE58-4CDD-AE03-6443B15D058B}"
EndProject
Project("{9A19103F-16F7-4668-BE54-9A1E7A4F7556}") = "SchoolApp.Admin.Infrastructure", "SchoolApp.Admin.Infrastructure\SchoolApp.Admin.Infrastructure.csproj", "{DD627D64-A6BD-4654-8155-3FBD651C8FAB}"
EndProject
Project("{9A19103F-16F7-4668-BE54-9A1E7A4F7556}") = "SchoolApp.Admin.Services", "SchoolApp.Admin.Services\SchoolApp.Admin.Services.csproj", "{A2595D9C-D9BC-41C3-A75B-8A34CBAF1CE1}"
EndProject
Project("{9A19103F-16F7-4668-BE54-9A1E7A4F7556}") = "SchoolApp.Admin.Web", "SchoolApp.Admin.Web\SchoolApp.Admin.Web.csproj", "{11774600-4E63-4887-9F23-824596DE27C5}"
EndProject
Project("{9A19103F-16F7-4668-BE54-9A1E7A4F7556}") = "SchoolApp.Admin.WebAPI", "SchoolApp.Admin.WebAPI\SchoolApp.Admin.WebAPI.csproj", "{827D5D1A-8DF9-413A-9F21-56D02615FB76}"
EndProject
Project("{9A19103F-16F7-4668-BE54-9A1E7A4F7556}") = "SchoolApp.ServiceDefaults", "SchoolApp.ServiceDefaults\SchoolApp.ServiceDefaults.csproj", "{CDD135F4-13A4-4CE8-8588-0C6845838700}"
EndProject
Project("{9A19103F-16F7-4668-BE54-9A1E7A4F7556}") = "SchoolApp.AppHost", "SchoolApp.AppHost\SchoolApp.AppHost.csproj", "{7E4964A9-A311-4D19-8C51-A95BEBCC941E}"
EndProject
Project("{FAE04EC0-301F-11D3-BF4B-00C04F79EFBC}") = "SchoolApp.Shared", "SchoolApp.Shared\SchoolApp.Shared.csproj", "{68FFBBE6-ED8E-44E6-B81F-EC90220EFD44}"
EndProject
Global
	GlobalSection(SolutionConfigurationPlatforms) = preSolution
		Debug|Any CPU = Debug|Any CPU
		Release|Any CPU = Release|Any CPU
	EndGlobalSection
	GlobalSection(ProjectConfigurationPlatforms) = postSolution
		{CB08316D-AFB7-484B-A162-A8730E412880}.Debug|Any CPU.ActiveCfg = Debug|Any CPU
		{CB08316D-AFB7-484B-A162-A8730E412880}.Debug|Any CPU.Build.0 = Debug|Any CPU
		{CB08316D-AFB7-484B-A162-A8730E412880}.Release|Any CPU.ActiveCfg = Release|Any CPU
		{CB08316D-AFB7-484B-A162-A8730E412880}.Release|Any CPU.Build.0 = Release|Any CPU
		{642DDCB9-BAB2-47E4-B854-83F5E2CF73A1}.Debug|Any CPU.ActiveCfg = Debug|Any CPU
		{642DDCB9-BAB2-47E4-B854-83F5E2CF73A1}.Debug|Any CPU.Build.0 = Debug|Any CPU
		{642DDCB9-BAB2-47E4-B854-83F5E2CF73A1}.Release|Any CPU.ActiveCfg = Release|Any CPU
		{642DDCB9-BAB2-47E4-B854-83F5E2CF73A1}.Release|Any CPU.Build.0 = Release|Any CPU
		{53BAB38D-5181-4557-80C3-26002100B093}.Debug|Any CPU.ActiveCfg = Debug|Any CPU
		{53BAB38D-5181-4557-80C3-26002100B093}.Debug|Any CPU.Build.0 = Debug|Any CPU
		{53BAB38D-5181-4557-80C3-26002100B093}.Release|Any CPU.ActiveCfg = Release|Any CPU
		{53BAB38D-5181-4557-80C3-26002100B093}.Release|Any CPU.Build.0 = Release|Any CPU
		{5737F74E-E783-4B39-93E9-0D82784E0810}.Debug|Any CPU.ActiveCfg = Debug|Any CPU
		{5737F74E-E783-4B39-93E9-0D82784E0810}.Debug|Any CPU.Build.0 = Debug|Any CPU
		{5737F74E-E783-4B39-93E9-0D82784E0810}.Release|Any CPU.ActiveCfg = Release|Any CPU
		{5737F74E-E783-4B39-93E9-0D82784E0810}.Release|Any CPU.Build.0 = Release|Any CPU
		{2D13DCD1-EE58-4CDD-AE03-6443B15D058B}.Debug|Any CPU.ActiveCfg = Debug|Any CPU
		{2D13DCD1-EE58-4CDD-AE03-6443B15D058B}.Debug|Any CPU.Build.0 = Debug|Any CPU
		{2D13DCD1-EE58-4CDD-AE03-6443B15D058B}.Release|Any CPU.ActiveCfg = Release|Any CPU
		{2D13DCD1-EE58-4CDD-AE03-6443B15D058B}.Release|Any CPU.Build.0 = Release|Any CPU
		{DD627D64-A6BD-4654-8155-3FBD651C8FAB}.Debug|Any CPU.ActiveCfg = Debug|Any CPU
		{DD627D64-A6BD-4654-8155-3FBD651C8FAB}.Debug|Any CPU.Build.0 = Debug|Any CPU
		{DD627D64-A6BD-4654-8155-3FBD651C8FAB}.Release|Any CPU.ActiveCfg = Release|Any CPU
		{DD627D64-A6BD-4654-8155-3FBD651C8FAB}.Release|Any CPU.Build.0 = Release|Any CPU
		{A2595D9C-D9BC-41C3-A75B-8A34CBAF1CE1}.Debug|Any CPU.ActiveCfg = Debug|Any CPU
		{A2595D9C-D9BC-41C3-A75B-8A34CBAF1CE1}.Debug|Any CPU.Build.0 = Debug|Any CPU
		{A2595D9C-D9BC-41C3-A75B-8A34CBAF1CE1}.Release|Any CPU.ActiveCfg = Release|Any CPU
		{A2595D9C-D9BC-41C3-A75B-8A34CBAF1CE1}.Release|Any CPU.Build.0 = Release|Any CPU
		{11774600-4E63-4887-9F23-824596DE27C5}.Debug|Any CPU.ActiveCfg = Debug|Any CPU
		{11774600-4E63-4887-9F23-824596DE27C5}.Debug|Any CPU.Build.0 = Debug|Any CPU
		{11774600-4E63-4887-9F23-824596DE27C5}.Release|Any CPU.ActiveCfg = Release|Any CPU
		{11774600-4E63-4887-9F23-824596DE27C5}.Release|Any CPU.Build.0 = Release|Any CPU
		{827D5D1A-8DF9-413A-9F21-56D02615FB76}.Debug|Any CPU.ActiveCfg = Debug|Any CPU
		{827D5D1A-8DF9-413A-9F21-56D02615FB76}.Debug|Any CPU.Build.0 = Debug|Any CPU
		{827D5D1A-8DF9-413A-9F21-56D02615FB76}.Release|Any CPU.ActiveCfg = Release|Any CPU
		{827D5D1A-8DF9-413A-9F21-56D02615FB76}.Release|Any CPU.Build.0 = Release|Any CPU
		{CDD135F4-13A4-4CE8-8588-0C6845838700}.Debug|Any CPU.ActiveCfg = Debug|Any CPU
		{CDD135F4-13A4-4CE8-8588-0C6845838700}.Debug|Any CPU.Build.0 = Debug|Any CPU
		{CDD135F4-13A4-4CE8-8588-0C6845838700}.Release|Any CPU.ActiveCfg = Release|Any CPU
		{CDD135F4-13A4-4CE8-8588-0C6845838700}.Release|Any CPU.Build.0 = Release|Any CPU
		{7E4964A9-A311-4D19-8C51-A95BEBCC941E}.Debug|Any CPU.ActiveCfg = Debug|Any CPU
		{7E4964A9-A311-4D19-8C51-A95BEBCC941E}.Debug|Any CPU.Build.0 = Debug|Any CPU
		{7E4964A9-A311-4D19-8C51-A95BEBCC941E}.Release|Any CPU.ActiveCfg = Release|Any CPU
		{7E4964A9-A311-4D19-8C51-A95BEBCC941E}.Release|Any CPU.Build.0 = Release|Any CPU
		{68FFBBE6-ED8E-44E6-B81F-EC90220EFD44}.Debug|Any CPU.ActiveCfg = Debug|Any CPU
		{68FFBBE6-ED8E-44E6-B81F-EC90220EFD44}.Debug|Any CPU.Build.0 = Debug|Any CPU
		{68FFBBE6-ED8E-44E6-B81F-EC90220EFD44}.Release|Any CPU.ActiveCfg = Release|Any CPU
		{68FFBBE6-ED8E-44E6-B81F-EC90220EFD44}.Release|Any CPU.Build.0 = Release|Any CPU
	EndGlobalSection
	GlobalSection(SolutionProperties) = preSolution
		HideSolutionNode = FALSE
	EndGlobalSection
	GlobalSection(NestedProjects) = preSolution
		{CB08316D-AFB7-484B-A162-A8730E412880} = {DD746B51-6673-4079-9403-02664723B920}
		{642DDCB9-BAB2-47E4-B854-83F5E2CF73A1} = {DD746B51-6673-4079-9403-02664723B920}
		{53BAB38D-5181-4557-80C3-26002100B093} = {DD746B51-6673-4079-9403-02664723B920}
		{5737F74E-E783-4B39-93E9-0D82784E0810} = {22977152-198D-4566-BE1A-C0F8D32101CC}
		{2D13DCD1-EE58-4CDD-AE03-6443B15D058B} = {22977152-198D-4566-BE1A-C0F8D32101CC}
		{DD627D64-A6BD-4654-8155-3FBD651C8FAB} = {22977152-198D-4566-BE1A-C0F8D32101CC}
		{A2595D9C-D9BC-41C3-A75B-8A34CBAF1CE1} = {22977152-198D-4566-BE1A-C0F8D32101CC}
		{11774600-4E63-4887-9F23-824596DE27C5} = {22977152-198D-4566-BE1A-C0F8D32101CC}
		{827D5D1A-8DF9-413A-9F21-56D02615FB76} = {22977152-198D-4566-BE1A-C0F8D32101CC}
		{CDD135F4-13A4-4CE8-8588-0C6845838700} = {DD746B51-6673-4079-9403-02664723B920}
		{7E4964A9-A311-4D19-8C51-A95BEBCC941E} = {DD746B51-6673-4079-9403-02664723B920}
		{68FFBBE6-ED8E-44E6-B81F-EC90220EFD44} = {DD746B51-6673-4079-9403-02664723B920}
	EndGlobalSection
	GlobalSection(ExtensibilityGlobals) = postSolution
		SolutionGuid = {BCB8FDDD-9CCD-4075-934D-F522E43ECE1B}
	EndGlobalSection
EndGlobal
