Microsoft Visual Studio Solution File, Format Version 12.00
# Visual Studio Version 17
VisualStudioVersion = 17.10.34607.79
MinimumVisualStudioVersion = 10.0.40219.1
Project("{9A19103F-16F7-4668-BE54-9A1E7A4F7556}") = "SchoolApp.IntegrationEventLogEF", "SchoolApp.IntegrationEventLogEF\SchoolApp.IntegrationEventLogEF.csproj", "{CB08316D-AFB7-484B-A162-A8730E412880}"
EndProject
Project("{9A19103F-16F7-4668-BE54-9A1E7A4F7556}") = "SchoolApp.EventBus", "SchoolApp.EventBus\SchoolApp.EventBus.csproj", "{642DDCB9-BAB2-47E4-B854-83F5E2CF73A1}"
EndProject
Project("{2150E333-8FDC-42A3-9474-1A3956D46DE8}") = "Admin", "Admin", "{22977152-198D-4566-BE1A-C0F8D32101CC}"
EndProject
Project("{2150E333-8FDC-42A3-9474-1A3956D46DE8}") = "Teacher", "Teacher", "{BAF6367C-722F-41B4-91E3-542A9E3C2406}"
EndProject
Project("{2150E333-8FDC-42A3-9474-1A3956D46DE8}") = "Student", "Student", "{A6AAFFE1-A794-4BF7-832F-1753CEC3EEE5}"
EndProject
Project("{2150E333-8FDC-42A3-9474-1A3956D46DE8}") = "SchoolApp", "SchoolApp", "{DD746B51-6673-4079-9403-02664723B920}"
EndProject
Project("{9A19103F-16F7-4668-BE54-9A1E7A4F7556}") = "SchoolApp.Admin.Application", "SchoolApp.Admin.Application\SchoolApp.Admin.Application.csproj", "{5737F74E-E783-4B39-93E9-0D82784E0810}"
EndProject
Project("{9A19103F-16F7-4668-BE54-9A1E7A4F7556}") = "SchoolApp.Admin.Domain", "SchoolApp.Admin.Domain\SchoolApp.Admin.Domain.csproj", "{2D13DCD1-EE58-4CDD-AE03-6443B15D058B}"
EndProject
Project("{9A19103F-16F7-4668-BE54-9A1E7A4F7556}") = "SchoolApp.Admin.Infrastructure", "SchoolApp.Admin.Infrastructure\SchoolApp.Admin.Infrastructure.csproj", "{DD627D64-A6BD-4654-8155-3FBD651C8FAB}"
EndProject
Project("{9A19103F-16F7-4668-BE54-9A1E7A4F7556}") = "SchoolApp.Admin.Services", "SchoolApp.Admin.Services\SchoolApp.Admin.Services.csproj", "{A2595D9C-D9BC-41C3-A75B-8A34CBAF1CE1}"
EndProject
Project("{9A19103F-16F7-4668-BE54-9A1E7A4F7556}") = "SchoolApp.Admin.WebAPI", "SchoolApp.Admin.WebAPI\SchoolApp.Admin.WebAPI.csproj", "{827D5D1A-8DF9-413A-9F21-56D02615FB76}"
EndProject
Project("{9A19103F-16F7-4668-BE54-9A1E7A4F7556}") = "SchoolApp.ServiceDefaults", "SchoolApp.ServiceDefaults\SchoolApp.ServiceDefaults.csproj", "{CDD135F4-13A4-4CE8-8588-0C6845838700}"
EndProject
Project("{9A19103F-16F7-4668-BE54-9A1E7A4F7556}") = "SchoolApp.AppHost", "SchoolApp.AppHost\SchoolApp.AppHost.csproj", "{7E4964A9-A311-4D19-8C51-A95BEBCC941E}"
EndProject
Project("{9A19103F-16F7-4668-BE54-9A1E7A4F7556}") = "SchoolApp.Shared", "SchoolApp.Shared\SchoolApp.Shared.csproj", "{68FFBBE6-ED8E-44E6-B81F-EC90220EFD44}"
EndProject
Project("{9A19103F-16F7-4668-BE54-9A1E7A4F7556}") = "SchoolApp.Webhooks.API", "SchoolApp.Webhooks.API\SchoolApp.Webhooks.API.csproj", "{9FEF8E90-63E5-40CA-BC5C-F5C835470057}"
EndProject
Project("{9A19103F-16F7-4668-BE54-9A1E7A4F7556}") = "SchoolApp.Webhook.Web", "SchoolApp.Webhook.Web\SchoolApp.Webhook.Web.csproj", "{4CDD56F7-CCA9-41D3-9709-B2E470033ED9}"
EndProject
Project("{2150E333-8FDC-42A3-9474-1A3956D46DE8}") = "Solution Items", "Solution Items", "{77A41AAE-7976-46D5-8EF9-4A093272AF73}"
	ProjectSection(SolutionItems) = preProject
		.editorconfig = .editorconfig
		global.json = global.json
	EndProjectSection
EndProject
Project("{9A19103F-16F7-4668-BE54-9A1E7A4F7556}") = "SchoolApp.EventBusRabbitMQ", "SchoolApp.EventBusRabbitMQ\SchoolApp.EventBusRabbitMQ.csproj", "{AFC7BD44-4582-4EE6-97D5-847CC42CA401}"
EndProject
Project("{9A19103F-16F7-4668-BE54-9A1E7A4F7556}") = "SchoolApp.Identity.API", "SchoolApp.Identity.API\SchoolApp.Identity.API.csproj", "{2F3853A3-D411-4106-ADB7-A4994ADFB152}"
EndProject
Project("{9A19103F-16F7-4668-BE54-9A1E7A4F7556}") = "SchoolApp.Admin.Web", "SchoolApp.Admin.Web\SchoolApp.Admin.Web.csproj", "{9699D3CD-104C-457E-BE56-76D14C44ACA3}"
EndProject
Project("{2150E333-8FDC-42A3-9474-1A3956D46DE8}") = "Client", "Client", "{4FFA142E-6541-4F4C-932D-E38916AD2239}"
EndProject
Project("{2150E333-8FDC-42A3-9474-1A3956D46DE8}") = "Backend", "Backend", "{56528A6C-D6A4-4248-B46D-8ED9E2F3E8E5}"
EndProject
Global
	GlobalSection(SolutionConfigurationPlatforms) = preSolution
		Debug|Any CPU = Debug|Any CPU
		Release|Any CPU = Release|Any CPU
	EndGlobalSection
	GlobalSection(ProjectConfigurationPlatforms) = postSolution
		{2F3853A3-D411-4106-ADB7-A4994ADFB152}.Debug|Any CPU.ActiveCfg = Debug|Any CPU
		{2F3853A3-D411-4106-ADB7-A4994ADFB152}.Debug|Any CPU.Build.0 = Debug|Any CPU
		{2F3853A3-D411-4106-ADB7-A4994ADFB152}.Release|Any CPU.ActiveCfg = Release|Any CPU
		{2F3853A3-D411-4106-ADB7-A4994ADFB152}.Release|Any CPU.Build.0 = Release|Any CPU
		{9699D3CD-104C-457E-BE56-76D14C44ACA3}.Debug|Any CPU.ActiveCfg = Debug|Any CPU
		{9699D3CD-104C-457E-BE56-76D14C44ACA3}.Debug|Any CPU.Build.0 = Debug|Any CPU
		{9699D3CD-104C-457E-BE56-76D14C44ACA3}.Release|Any CPU.ActiveCfg = Release|Any CPU
		{9699D3CD-104C-457E-BE56-76D14C44ACA3}.Release|Any CPU.Build.0 = Release|Any CPU
		{AFC7BD44-4582-4EE6-97D5-847CC42CA401}.Debug|Any CPU.ActiveCfg = Debug|Any CPU
		{AFC7BD44-4582-4EE6-97D5-847CC42CA401}.Debug|Any CPU.Build.0 = Debug|Any CPU
		{AFC7BD44-4582-4EE6-97D5-847CC42CA401}.Release|Any CPU.ActiveCfg = Release|Any CPU
		{AFC7BD44-4582-4EE6-97D5-847CC42CA401}.Release|Any CPU.Build.0 = Release|Any CPU
		{CB08316D-AFB7-484B-A162-A8730E412880}.Debug|Any CPU.ActiveCfg = Debug|Any CPU
		{CB08316D-AFB7-484B-A162-A8730E412880}.Debug|Any CPU.Build.0 = Debug|Any CPU
		{CB08316D-AFB7-484B-A162-A8730E412880}.Release|Any CPU.ActiveCfg = Release|Any CPU
		{CB08316D-AFB7-484B-A162-A8730E412880}.Release|Any CPU.Build.0 = Release|Any CPU
		{642DDCB9-BAB2-47E4-B854-83F5E2CF73A1}.Debug|Any CPU.ActiveCfg = Debug|Any CPU
		{642DDCB9-BAB2-47E4-B854-83F5E2CF73A1}.Debug|Any CPU.Build.0 = Debug|Any CPU
		{642DDCB9-BAB2-47E4-B854-83F5E2CF73A1}.Release|Any CPU.ActiveCfg = Release|Any CPU
		{642DDCB9-BAB2-47E4-B854-83F5E2CF73A1}.Release|Any CPU.Build.0 = Release|Any CPU
		{5737F74E-E783-4B39-93E9-0D82784E0810}.Debug|Any CPU.ActiveCfg = Debug|Any CPU
		{5737F74E-E783-4B39-93E9-0D82784E0810}.Debug|Any CPU.Build.0 = Debug|Any CPU
		{5737F74E-E783-4B39-93E9-0D82784E0810}.Release|Any CPU.ActiveCfg = Release|Any CPU
		{5737F74E-E783-4B39-93E9-0D82784E0810}.Release|Any CPU.Build.0 = Release|Any CPU
		{2D13DCD1-EE58-4CDD-AE03-6443B15D058B}.Debug|Any CPU.ActiveCfg = Debug|Any CPU
		{2D13DCD1-EE58-4CDD-AE03-6443B15D058B}.Debug|Any CPU.Build.0 = Debug|Any CPU
		{2D13DCD1-EE58-4CDD-AE03-6443B15D058B}.Release|Any CPU.ActiveCfg = Release|Any CPU
		{2D13DCD1-EE58-4CDD-AE03-6443B15D058B}.Release|Any CPU.Build.0 = Release|Any CPU
		{DD627D64-A6BD-4654-8155-3FBD651C8FAB}.Debug|Any CPU.ActiveCfg = Debug|Any CPU
		{DD627D64-A6BD-4654-8155-3FBD651C8FAB}.Debug|Any CPU.Build.0 = Debug|Any CPU
		{DD627D64-A6BD-4654-8155-3FBD651C8FAB}.Release|Any CPU.ActiveCfg = Release|Any CPU
		{DD627D64-A6BD-4654-8155-3FBD651C8FAB}.Release|Any CPU.Build.0 = Release|Any CPU
		{A2595D9C-D9BC-41C3-A75B-8A34CBAF1CE1}.Debug|Any CPU.ActiveCfg = Debug|Any CPU
		{A2595D9C-D9BC-41C3-A75B-8A34CBAF1CE1}.Debug|Any CPU.Build.0 = Debug|Any CPU
		{A2595D9C-D9BC-41C3-A75B-8A34CBAF1CE1}.Release|Any CPU.ActiveCfg = Release|Any CPU
		{A2595D9C-D9BC-41C3-A75B-8A34CBAF1CE1}.Release|Any CPU.Build.0 = Release|Any CPU
		{827D5D1A-8DF9-413A-9F21-56D02615FB76}.Debug|Any CPU.ActiveCfg = Debug|Any CPU
		{827D5D1A-8DF9-413A-9F21-56D02615FB76}.Debug|Any CPU.Build.0 = Debug|Any CPU
		{827D5D1A-8DF9-413A-9F21-56D02615FB76}.Release|Any CPU.ActiveCfg = Release|Any CPU
		{827D5D1A-8DF9-413A-9F21-56D02615FB76}.Release|Any CPU.Build.0 = Release|Any CPU
		{CDD135F4-13A4-4CE8-8588-0C6845838700}.Debug|Any CPU.ActiveCfg = Debug|Any CPU
		{CDD135F4-13A4-4CE8-8588-0C6845838700}.Debug|Any CPU.Build.0 = Debug|Any CPU
		{CDD135F4-13A4-4CE8-8588-0C6845838700}.Release|Any CPU.ActiveCfg = Release|Any CPU
		{CDD135F4-13A4-4CE8-8588-0C6845838700}.Release|Any CPU.Build.0 = Release|Any CPU
		{7E4964A9-A311-4D19-8C51-A95BEBCC941E}.Debug|Any CPU.ActiveCfg = Debug|Any CPU
		{7E4964A9-A311-4D19-8C51-A95BEBCC941E}.Debug|Any CPU.Build.0 = Debug|Any CPU
		{7E4964A9-A311-4D19-8C51-A95BEBCC941E}.Release|Any CPU.ActiveCfg = Release|Any CPU
		{7E4964A9-A311-4D19-8C51-A95BEBCC941E}.Release|Any CPU.Build.0 = Release|Any CPU
		{68FFBBE6-ED8E-44E6-B81F-EC90220EFD44}.Debug|Any CPU.ActiveCfg = Debug|Any CPU
		{68FFBBE6-ED8E-44E6-B81F-EC90220EFD44}.Debug|Any CPU.Build.0 = Debug|Any CPU
		{68FFBBE6-ED8E-44E6-B81F-EC90220EFD44}.Release|Any CPU.ActiveCfg = Release|Any CPU
		{68FFBBE6-ED8E-44E6-B81F-EC90220EFD44}.Release|Any CPU.Build.0 = Release|Any CPU
		{9FEF8E90-63E5-40CA-BC5C-F5C835470057}.Debug|Any CPU.ActiveCfg = Debug|Any CPU
		{9FEF8E90-63E5-40CA-BC5C-F5C835470057}.Debug|Any CPU.Build.0 = Debug|Any CPU
		{9FEF8E90-63E5-40CA-BC5C-F5C835470057}.Release|Any CPU.ActiveCfg = Release|Any CPU
		{9FEF8E90-63E5-40CA-BC5C-F5C835470057}.Release|Any CPU.Build.0 = Release|Any CPU
		{4CDD56F7-CCA9-41D3-9709-B2E470033ED9}.Debug|Any CPU.ActiveCfg = Debug|Any CPU
		{4CDD56F7-CCA9-41D3-9709-B2E470033ED9}.Debug|Any CPU.Build.0 = Debug|Any CPU
		{4CDD56F7-CCA9-41D3-9709-B2E470033ED9}.Release|Any CPU.ActiveCfg = Release|Any CPU
		{4CDD56F7-CCA9-41D3-9709-B2E470033ED9}.Release|Any CPU.Build.0 = Release|Any CPU
	EndGlobalSection
	GlobalSection(SolutionProperties) = preSolution
		HideSolutionNode = FALSE
	EndGlobalSection
	GlobalSection(NestedProjects) = preSolution
		{2F3853A3-D411-4106-ADB7-A4994ADFB152} = {DD746B51-6673-4079-9403-02664723B920}
		{4FFA142E-6541-4F4C-932D-E38916AD2239} = {22977152-198D-4566-BE1A-C0F8D32101CC}
		{56528A6C-D6A4-4248-B46D-8ED9E2F3E8E5} = {22977152-198D-4566-BE1A-C0F8D32101CC}
		{9699D3CD-104C-457E-BE56-76D14C44ACA3} = {4FFA142E-6541-4F4C-932D-E38916AD2239}
		{AFC7BD44-4582-4EE6-97D5-847CC42CA401} = {DD746B51-6673-4079-9403-02664723B920}
		{CB08316D-AFB7-484B-A162-A8730E412880} = {DD746B51-6673-4079-9403-02664723B920}
		{642DDCB9-BAB2-47E4-B854-83F5E2CF73A1} = {DD746B51-6673-4079-9403-02664723B920}
		{5737F74E-E783-4B39-93E9-0D82784E0810} = {56528A6C-D6A4-4248-B46D-8ED9E2F3E8E5}
		{2D13DCD1-EE58-4CDD-AE03-6443B15D058B} = {56528A6C-D6A4-4248-B46D-8ED9E2F3E8E5}
		{DD627D64-A6BD-4654-8155-3FBD651C8FAB} = {56528A6C-D6A4-4248-B46D-8ED9E2F3E8E5}
		{A2595D9C-D9BC-41C3-A75B-8A34CBAF1CE1} = {56528A6C-D6A4-4248-B46D-8ED9E2F3E8E5}
		{827D5D1A-8DF9-413A-9F21-56D02615FB76} = {56528A6C-D6A4-4248-B46D-8ED9E2F3E8E5}
		{CDD135F4-13A4-4CE8-8588-0C6845838700} = {DD746B51-6673-4079-9403-02664723B920}
		{7E4964A9-A311-4D19-8C51-A95BEBCC941E} = {DD746B51-6673-4079-9403-02664723B920}
		{68FFBBE6-ED8E-44E6-B81F-EC90220EFD44} = {DD746B51-6673-4079-9403-02664723B920}
		{9FEF8E90-63E5-40CA-BC5C-F5C835470057} = {DD746B51-6673-4079-9403-02664723B920}
		{4CDD56F7-CCA9-41D3-9709-B2E470033ED9} = {DD746B51-6673-4079-9403-02664723B920}
	EndGlobalSection
	GlobalSection(ExtensibilityGlobals) = postSolution
		SolutionGuid = {BCB8FDDD-9CCD-4075-934D-F522E43ECE1B}
	EndGlobalSection
EndGlobal
obal
